
Microsoft Visual Studio Solution File, Format Version 12.00
# Visual Studio 15
VisualStudioVersion = 15.0.27130.2010
MinimumVisualStudioVersion = 10.0.40219.1
Project("{FAE04EC0-301F-11D3-BF4B-00C04F79EFBC}") = "TextWindowSystemTestDriver", "TextWindowSystem\TextWindowSystemTestDriver.csproj", "{C9E1B010-0DA5-4039-8075-AD1DC1728B59}"
EndProject
Project("{FAE04EC0-301F-11D3-BF4B-00C04F79EFBC}") = "TextWindowSystemLib", "TextWindowSystemLib\TextWindowSystemLib.csproj", "{AF31FDB3-30E5-4FDA-9DC8-2FCE755A5CF0}"
EndProject
Project("{FAE04EC0-301F-11D3-BF4B-00C04F79EFBC}") = "TextWindowSystemLibTests", "TextWindowSystemLibTests\TextWindowSystemLibTests.csproj", "{911B3D87-5AA8-4E74-9700-410013A319C2}"
EndProject
Global
	GlobalSection(SolutionConfigurationPlatforms) = preSolution
		Debug|Any CPU = Debug|Any CPU
		Debug|x86 = Debug|x86
		Release|Any CPU = Release|Any CPU
		Release|x86 = Release|x86
	EndGlobalSection
	GlobalSection(ProjectConfigurationPlatforms) = postSolution
		{C9E1B010-0DA5-4039-8075-AD1DC1728B59}.Debug|Any CPU.ActiveCfg = Debug|x86
		{C9E1B010-0DA5-4039-8075-AD1DC1728B59}.Debug|x86.ActiveCfg = Debug|x86
		{C9E1B010-0DA5-4039-8075-AD1DC1728B59}.Debug|x86.Build.0 = Debug|x86
		{C9E1B010-0DA5-4039-8075-AD1DC1728B59}.Release|Any CPU.ActiveCfg = Release|x86
		{C9E1B010-0DA5-4039-8075-AD1DC1728B59}.Release|x86.ActiveCfg = Release|x86
		{C9E1B010-0DA5-4039-8075-AD1DC1728B59}.Release|x86.Build.0 = Release|x86
		{AF31FDB3-30E5-4FDA-9DC8-2FCE755A5CF0}.Debug|Any CPU.ActiveCfg = Debug|Any CPU
		{AF31FDB3-30E5-4FDA-9DC8-2FCE755A5CF0}.Debug|Any CPU.Build.0 = Debug|Any CPU
		{AF31FDB3-30E5-4FDA-9DC8-2FCE755A5CF0}.Debug|x86.ActiveCfg = Debug|Any CPU
		{AF31FDB3-30E5-4FDA-9DC8-2FCE755A5CF0}.Debug|x86.Build.0 = Debug|Any CPU
		{AF31FDB3-30E5-4FDA-9DC8-2FCE755A5CF0}.Release|Any CPU.ActiveCfg = Release|Any CPU
		{AF31FDB3-30E5-4FDA-9DC8-2FCE755A5CF0}.Release|Any CPU.Build.0 = Release|Any CPU
		{AF31FDB3-30E5-4FDA-9DC8-2FCE755A5CF0}.Release|x86.ActiveCfg = Release|Any CPU
		{AF31FDB3-30E5-4FDA-9DC8-2FCE755A5CF0}.Release|x86.Build.0 = Release|Any CPU
		{911B3D87-5AA8-4E74-9700-410013A319C2}.Debug|Any CPU.ActiveCfg = Debug|Any CPU
		{911B3D87-5AA8-4E74-9700-410013A319C2}.Debug|Any CPU.Build.0 = Debug|Any CPU
		{911B3D87-5AA8-4E74-9700-410013A319C2}.Debug|x86.ActiveCfg = Debug|Any CPU
		{911B3D87-5AA8-4E74-9700-410013A319C2}.Debug|x86.Build.0 = Debug|Any CPU
		{911B3D87-5AA8-4E74-9700-410013A319C2}.Release|Any CPU.ActiveCfg = Release|Any CPU
		{911B3D87-5AA8-4E74-9700-410013A319C2}.Release|Any CPU.Build.0 = Release|Any CPU
		{911B3D87-5AA8-4E74-9700-410013A319C2}.Release|x86.ActiveCfg = Release|Any CPU
		{911B3D87-5AA8-4E74-9700-410013A319C2}.Release|x86.Build.0 = Release|Any CPU
	EndGlobalSection
	GlobalSection(SolutionProperties) = preSolution
		HideSolutionNode = FALSE
	EndGlobalSection
	GlobalSection(ExtensibilityGlobals) = postSolution
		SolutionGuid = {A3231948-88A9-44F7-B451-C919D9495028}
	EndGlobalSection
EndGlobal
